// !$*UTF8*$!
{
	archiveVersion = 1;
	classes = {
	};
	objectVersion = 56;
	objects = {

/* Begin PBXBuildFile section */
		7EBAD68D2A58D2870045AA2D /* AppDelegate.swift in Sources */ = {isa = PBXBuildFile; fileRef = 7EBAD68C2A58D2870045AA2D /* AppDelegate.swift */; };
		7EBAD68F2A58D2870045AA2D /* SceneDelegate.swift in Sources */ = {isa = PBXBuildFile; fileRef = 7EBAD68E2A58D2870045AA2D /* SceneDelegate.swift */; };
		7EBAD6912A58D2870045AA2D /* ViewController.swift in Sources */ = {isa = PBXBuildFile; fileRef = 7EBAD6902A58D2870045AA2D /* ViewController.swift */; };
		7EBAD6942A58D2870045AA2D /* Main.storyboard in Resources */ = {isa = PBXBuildFile; fileRef = 7EBAD6922A58D2870045AA2D /* Main.storyboard */; };
		7EBAD6962A58D2880045AA2D /* Assets.xcassets in Resources */ = {isa = PBXBuildFile; fileRef = 7EBAD6952A58D2880045AA2D /* Assets.xcassets */; };
		7EBAD6992A58D2880045AA2D /* LaunchScreen.storyboard in Resources */ = {isa = PBXBuildFile; fileRef = 7EBAD6972A58D2880045AA2D /* LaunchScreen.storyboard */; };
		7EBAD6A42A58D2880045AA2D /* AppNewsTests.swift in Sources */ = {isa = PBXBuildFile; fileRef = 7EBAD6A32A58D2880045AA2D /* AppNewsTests.swift */; };
		7EBAD6AE2A58D2880045AA2D /* AppNewsUITests.swift in Sources */ = {isa = PBXBuildFile; fileRef = 7EBAD6AD2A58D2880045AA2D /* AppNewsUITests.swift */; };
		7EBAD6B02A58D2880045AA2D /* AppNewsUITestsLaunchTests.swift in Sources */ = {isa = PBXBuildFile; fileRef = 7EBAD6AF2A58D2880045AA2D /* AppNewsUITestsLaunchTests.swift */; };
/* End PBXBuildFile section */

/* Begin PBXContainerItemProxy section */
		7EBAD6A02A58D2880045AA2D /* PBXContainerItemProxy */ = {
			isa = PBXContainerItemProxy;
			containerPortal = 7EBAD6812A58D2870045AA2D /* Project object */;
			proxyType = 1;
			remoteGlobalIDString = 7EBAD6882A58D2870045AA2D;
			remoteInfo = AppNews;
		};
		7EBAD6AA2A58D2880045AA2D /* PBXContainerItemProxy */ = {
			isa = PBXContainerItemProxy;
			containerPortal = 7EBAD6812A58D2870045AA2D /* Project object */;
			proxyType = 1;
			remoteGlobalIDString = 7EBAD6882A58D2870045AA2D;
			remoteInfo = AppNews;
		};
/* End PBXContainerItemProxy section */

/* Begin PBXFileReference section */
		7EBAD6892A58D2870045AA2D /* AppNews.app */ = {isa = PBXFileReference; explicitFileType = wrapper.application; includeInIndex = 0; path = AppNews.app; sourceTree = BUILT_PRODUCTS_DIR; };
		7EBAD68C2A58D2870045AA2D /* AppDelegate.swift */ = {isa = PBXFileReference; lastKnownFileType = sourcecode.swift; path = AppDelegate.swift; sourceTree = "<group>"; };
		7EBAD68E2A58D2870045AA2D /* SceneDelegate.swift */ = {isa = PBXFileReference; lastKnownFileType = sourcecode.swift; path = SceneDelegate.swift; sourceTree = "<group>"; };
		7EBAD6902A58D2870045AA2D /* ViewController.swift */ = {isa = PBXFileReference; lastKnownFileType = sourcecode.swift; path = ViewController.swift; sourceTree = "<group>"; };
		7EBAD6932A58D2870045AA2D /* Base */ = {isa = PBXFileReference; lastKnownFileType = file.storyboard; name = Base; path = Base.lproj/Main.storyboard; sourceTree = "<group>"; };
		7EBAD6952A58D2880045AA2D /* Assets.xcassets */ = {isa = PBXFileReference; lastKnownFileType = folder.assetcatalog; path = Assets.xcassets; sourceTree = "<group>"; };
		7EBAD6982A58D2880045AA2D /* Base */ = {isa = PBXFileReference; lastKnownFileType = file.storyboard; name = Base; path = Base.lproj/LaunchScreen.storyboard; sourceTree = "<group>"; };
		7EBAD69A2A58D2880045AA2D /* Info.plist */ = {isa = PBXFileReference; lastKnownFileType = text.plist.xml; path = Info.plist; sourceTree = "<group>"; };
		7EBAD69F2A58D2880045AA2D /* AppNewsTests.xctest */ = {isa = PBXFileReference; explicitFileType = wrapper.cfbundle; includeInIndex = 0; path = AppNewsTests.xctest; sourceTree = BUILT_PRODUCTS_DIR; };
		7EBAD6A32A58D2880045AA2D /* AppNewsTests.swift */ = {isa = PBXFileReference; lastKnownFileType = sourcecode.swift; path = AppNewsTests.swift; sourceTree = "<group>"; };
		7EBAD6A92A58D2880045AA2D /* AppNewsUITests.xctest */ = {isa = PBXFileReference; explicitFileType = wrapper.cfbundle; includeInIndex = 0; path = AppNewsUITests.xctest; sourceTree = BUILT_PRODUCTS_DIR; };
		7EBAD6AD2A58D2880045AA2D /* AppNewsUITests.swift */ = {isa = PBXFileReference; lastKnownFileType = sourcecode.swift; path = AppNewsUITests.swift; sourceTree = "<group>"; };
		7EBAD6AF2A58D2880045AA2D /* AppNewsUITestsLaunchTests.swift */ = {isa = PBXFileReference; lastKnownFileType = sourcecode.swift; path = AppNewsUITestsLaunchTests.swift; sourceTree = "<group>"; };
/* End PBXFileReference section */

/* Begin PBXFrameworksBuildPhase section */
		7EBAD6862A58D2870045AA2D /* Frameworks */ = {
			isa = PBXFrameworksBuildPhase;
			buildActionMask = 2147483647;
			files = (
			);
			runOnlyForDeploymentPostprocessing = 0;
		};
		7EBAD69C2A58D2880045AA2D /* Frameworks */ = {
			isa = PBXFrameworksBuildPhase;
			buildActionMask = 2147483647;
			files = (
			);
			runOnlyForDeploymentPostprocessing = 0;
		};
		7EBAD6A62A58D2880045AA2D /* Frameworks */ = {
			isa = PBXFrameworksBuildPhase;
			buildActionMask = 2147483647;
			files = (
			);
			runOnlyForDeploymentPostprocessing = 0;
		};
/* End PBXFrameworksBuildPhase section */

/* Begin PBXGroup section */
		7EBAD6802A58D2870045AA2D = {
			isa = PBXGroup;
			children = (
				7EBAD68B2A58D2870045AA2D /* AppNews */,
				7EBAD6A22A58D2880045AA2D /* AppNewsTests */,
				7EBAD6AC2A58D2880045AA2D /* AppNewsUITests */,
				7EBAD68A2A58D2870045AA2D /* Products */,
			);
			sourceTree = "<group>";
		};
		7EBAD68A2A58D2870045AA2D /* Products */ = {
			isa = PBXGroup;
			children = (
				7EBAD6892A58D2870045AA2D /* AppNews.app */,
				7EBAD69F2A58D2880045AA2D /* AppNewsTests.xctest */,
				7EBAD6A92A58D2880045AA2D /* AppNewsUITests.xctest */,
			);
			name = Products;
			sourceTree = "<group>";
		};
		7EBAD68B2A58D2870045AA2D /* AppNews */ = {
			isa = PBXGroup;
			children = (
				7EBAD68C2A58D2870045AA2D /* AppDelegate.swift */,
				7EBAD68E2A58D2870045AA2D /* SceneDelegate.swift */,
				7EBAD6902A58D2870045AA2D /* ViewController.swift */,
				7EBAD6922A58D2870045AA2D /* Main.storyboard */,
				7EBAD6952A58D2880045AA2D /* Assets.xcassets */,
				7EBAD6972A58D2880045AA2D /* LaunchScreen.storyboard */,
				7EBAD69A2A58D2880045AA2D /* Info.plist */,
			);
			path = AppNews;
			sourceTree = "<group>";
		};
		7EBAD6A22A58D2880045AA2D /* AppNewsTests */ = {
			isa = PBXGroup;
			children = (
				7EBAD6A32A58D2880045AA2D /* AppNewsTests.swift */,
			);
			path = AppNewsTests;
			sourceTree = "<group>";
		};
		7EBAD6AC2A58D2880045AA2D /* AppNewsUITests */ = {
			isa = PBXGroup;
			children = (
				7EBAD6AD2A58D2880045AA2D /* AppNewsUITests.swift */,
				7EBAD6AF2A58D2880045AA2D /* AppNewsUITestsLaunchTests.swift */,
			);
			path = AppNewsUITests;
			sourceTree = "<group>";
		};
/* End PBXGroup section */

/* Begin PBXNativeTarget section */
		7EBAD6882A58D2870045AA2D /* AppNews */ = {
			isa = PBXNativeTarget;
			buildConfigurationList = 7EBAD6B32A58D2880045AA2D /* Build configuration list for PBXNativeTarget "AppNews" */;
			buildPhases = (
				7EBAD6852A58D2870045AA2D /* Sources */,
				7EBAD6862A58D2870045AA2D /* Frameworks */,
				7EBAD6872A58D2870045AA2D /* Resources */,
			);
			buildRules = (
			);
			dependencies = (
			);
			name = AppNews;
			productName = AppNews;
			productReference = 7EBAD6892A58D2870045AA2D /* AppNews.app */;
			productType = "com.apple.product-type.application";
		};
		7EBAD69E2A58D2880045AA2D /* AppNewsTests */ = {
			isa = PBXNativeTarget;
			buildConfigurationList = 7EBAD6B62A58D2880045AA2D /* Build configuration list for PBXNativeTarget "AppNewsTests" */;
			buildPhases = (
				7EBAD69B2A58D2880045AA2D /* Sources */,
				7EBAD69C2A58D2880045AA2D /* Frameworks */,
				7EBAD69D2A58D2880045AA2D /* Resources */,
			);
			buildRules = (
			);
			dependencies = (
				7EBAD6A12A58D2880045AA2D /* PBXTargetDependency */,
			);
			name = AppNewsTests;
			productName = AppNewsTests;
			productReference = 7EBAD69F2A58D2880045AA2D /* AppNewsTests.xctest */;
			productType = "com.apple.product-type.bundle.unit-test";
		};
		7EBAD6A82A58D2880045AA2D /* AppNewsUITests */ = {
			isa = PBXNativeTarget;
			buildConfigurationList = 7EBAD6B92A58D2880045AA2D /* Build configuration list for PBXNativeTarget "AppNewsUITests" */;
			buildPhases = (
				7EBAD6A52A58D2880045AA2D /* Sources */,
				7EBAD6A62A58D2880045AA2D /* Frameworks */,
				7EBAD6A72A58D2880045AA2D /* Resources */,
			);
			buildRules = (
			);
			dependencies = (
				7EBAD6AB2A58D2880045AA2D /* PBXTargetDependency */,
			);
			name = AppNewsUITests;
			productName = AppNewsUITests;
			productReference = 7EBAD6A92A58D2880045AA2D /* AppNewsUITests.xctest */;
			productType = "com.apple.product-type.bundle.ui-testing";
		};
/* End PBXNativeTarget section */

/* Begin PBXProject section */
		7EBAD6812A58D2870045AA2D /* Project object */ = {
			isa = PBXProject;
			attributes = {
				BuildIndependentTargetsInParallel = 1;
				LastSwiftUpdateCheck = 1420;
				LastUpgradeCheck = 1420;
				TargetAttributes = {
					7EBAD6882A58D2870045AA2D = {
						CreatedOnToolsVersion = 14.2;
					};
					7EBAD69E2A58D2880045AA2D = {
						CreatedOnToolsVersion = 14.2;
						TestTargetID = 7EBAD6882A58D2870045AA2D;
					};
					7EBAD6A82A58D2880045AA2D = {
						CreatedOnToolsVersion = 14.2;
						TestTargetID = 7EBAD6882A58D2870045AA2D;
					};
				};
			};
			buildConfigurationList = 7EBAD6842A58D2870045AA2D /* Build configuration list for PBXProject "AppNews" */;
			compatibilityVersion = "Xcode 14.0";
			developmentRegion = en;
			hasScannedForEncodings = 0;
			knownRegions = (
				en,
				Base,
			);
			mainGroup = 7EBAD6802A58D2870045AA2D;
			productRefGroup = 7EBAD68A2A58D2870045AA2D /* Products */;
			projectDirPath = "";
			projectRoot = "";
			targets = (
				7EBAD6882A58D2870045AA2D /* AppNews */,
				7EBAD69E2A58D2880045AA2D /* AppNewsTests */,
				7EBAD6A82A58D2880045AA2D /* AppNewsUITests */,
			);
		};
/* End PBXProject section */

/* Begin PBXResourcesBuildPhase section */
		7EBAD6872A58D2870045AA2D /* Resources */ = {
			isa = PBXResourcesBuildPhase;
			buildActionMask = 2147483647;
			files = (
				7EBAD6992A58D2880045AA2D /* LaunchScreen.storyboard in Resources */,
				7EBAD6962A58D2880045AA2D /* Assets.xcassets in Resources */,
				7EBAD6942A58D2870045AA2D /* Main.storyboard in Resources */,
			);
			runOnlyForDeploymentPostprocessing = 0;
		};
		7EBAD69D2A58D2880045AA2D /* Resources */ = {
			isa = PBXResourcesBuildPhase;
			buildActionMask = 2147483647;
			files = (
			);
			runOnlyForDeploymentPostprocessing = 0;
		};
		7EBAD6A72A58D2880045AA2D /* Resources */ = {
			isa = PBXResourcesBuildPhase;
			buildActionMask = 2147483647;
			files = (
			);
			runOnlyForDeploymentPostprocessing = 0;
		};
/* End PBXResourcesBuildPhase section */

/* Begin PBXSourcesBuildPhase section */
		7EBAD6852A58D2870045AA2D /* Sources */ = {
			isa = PBXSourcesBuildPhase;
			buildActionMask = 2147483647;
			files = (
				7EBAD6912A58D2870045AA2D /* ViewController.swift in Sources */,
				7EBAD68D2A58D2870045AA2D /* AppDelegate.swift in Sources */,
				7EBAD68F2A58D2870045AA2D /* SceneDelegate.swift in Sources */,
			);
			runOnlyForDeploymentPostprocessing = 0;
		};
		7EBAD69B2A58D2880045AA2D /* Sources */ = {
			isa = PBXSourcesBuildPhase;
			buildActionMask = 2147483647;
			files = (
				7EBAD6A42A58D2880045AA2D /* AppNewsTests.swift in Sources */,
			);
			runOnlyForDeploymentPostprocessing = 0;
		};
		7EBAD6A52A58D2880045AA2D /* Sources */ = {
			isa = PBXSourcesBuildPhase;
			buildActionMask = 2147483647;
			files = (
				7EBAD6AE2A58D2880045AA2D /* AppNewsUITests.swift in Sources */,
				7EBAD6B02A58D2880045AA2D /* AppNewsUITestsLaunchTests.swift in Sources */,
			);
			runOnlyForDeploymentPostprocessing = 0;
		};
/* End PBXSourcesBuildPhase section */

/* Begin PBXTargetDependency section */
		7EBAD6A12A58D2880045AA2D /* PBXTargetDependency */ = {
			isa = PBXTargetDependency;
			target = 7EBAD6882A58D2870045AA2D /* AppNews */;
			targetProxy = 7EBAD6A02A58D2880045AA2D /* PBXContainerItemProxy */;
		};
		7EBAD6AB2A58D2880045AA2D /* PBXTargetDependency */ = {
			isa = PBXTargetDependency;
			target = 7EBAD6882A58D2870045AA2D /* AppNews */;
			targetProxy = 7EBAD6AA2A58D2880045AA2D /* PBXContainerItemProxy */;
		};
/* End PBXTargetDependency section */

/* Begin PBXVariantGroup section */
		7EBAD6922A58D2870045AA2D /* Main.storyboard */ = {
			isa = PBXVariantGroup;
			children = (
				7EBAD6932A58D2870045AA2D /* Base */,
			);
			name = Main.storyboard;
			sourceTree = "<group>";
		};
		7EBAD6972A58D2880045AA2D /* LaunchScreen.storyboard */ = {
			isa = PBXVariantGroup;
			children = (
				7EBAD6982A58D2880045AA2D /* Base */,
			);
			name = LaunchScreen.storyboard;
			sourceTree = "<group>";
		};
/* End PBXVariantGroup section */

/* Begin XCBuildConfiguration section */
		7EBAD6B12A58D2880045AA2D /* Debug */ = {
			isa = XCBuildConfiguration;
			buildSettings = {
				ALWAYS_SEARCH_USER_PATHS = NO;
				CLANG_ANALYZER_NONNULL = YES;
				CLANG_ANALYZER_NUMBER_OBJECT_CONVERSION = YES_AGGRESSIVE;
				CLANG_CXX_LANGUAGE_STANDARD = "gnu++20";
				CLANG_ENABLE_MODULES = YES;
				CLANG_ENABLE_OBJC_ARC = YES;
				CLANG_ENABLE_OBJC_WEAK = YES;
				CLANG_WARN_BLOCK_CAPTURE_AUTORELEASING = YES;
				CLANG_WARN_BOOL_CONVERSION = YES;
				CLANG_WARN_COMMA = YES;
				CLANG_WARN_CONSTANT_CONVERSION = YES;
				CLANG_WARN_DEPRECATED_OBJC_IMPLEMENTATIONS = YES;
				CLANG_WARN_DIRECT_OBJC_ISA_USAGE = YES_ERROR;
				CLANG_WARN_DOCUMENTATION_COMMENTS = YES;
				CLANG_WARN_EMPTY_BODY = YES;
				CLANG_WARN_ENUM_CONVERSION = YES;
				CLANG_WARN_INFINITE_RECURSION = YES;
				CLANG_WARN_INT_CONVERSION = YES;
				CLANG_WARN_NON_LITERAL_NULL_CONVERSION = YES;
				CLANG_WARN_OBJC_IMPLICIT_RETAIN_SELF = YES;
				CLANG_WARN_OBJC_LITERAL_CONVERSION = YES;
				CLANG_WARN_OBJC_ROOT_CLASS = YES_ERROR;
				CLANG_WARN_QUOTED_INCLUDE_IN_FRAMEWORK_HEADER = YES;
				CLANG_WARN_RANGE_LOOP_ANALYSIS = YES;
				CLANG_WARN_STRICT_PROTOTYPES = YES;
				CLANG_WARN_SUSPICIOUS_MOVE = YES;
				CLANG_WARN_UNGUARDED_AVAILABILITY = YES_AGGRESSIVE;
				CLANG_WARN_UNREACHABLE_CODE = YES;
				CLANG_WARN__DUPLICATE_METHOD_MATCH = YES;
				COPY_PHASE_STRIP = NO;
				DEBUG_INFORMATION_FORMAT = dwarf;
				ENABLE_STRICT_OBJC_MSGSEND = YES;
				ENABLE_TESTABILITY = YES;
				GCC_C_LANGUAGE_STANDARD = gnu11;
				GCC_DYNAMIC_NO_PIC = NO;
				GCC_NO_COMMON_BLOCKS = YES;
				GCC_OPTIMIZATION_LEVEL = 0;
				GCC_PREPROCESSOR_DEFINITIONS = (
					"DEBUG=1",
					"$(inherited)",
				);
				GCC_WARN_64_TO_32_BIT_CONVERSION = YES;
				GCC_WARN_ABOUT_RETURN_TYPE = YES_ERROR;
				GCC_WARN_UNDECLARED_SELECTOR = YES;
				GCC_WARN_UNINITIALIZED_AUTOS = YES_AGGRESSIVE;
				GCC_WARN_UNUSED_FUNCTION = YES;
				GCC_WARN_UNUSED_VARIABLE = YES;
				IPHONEOS_DEPLOYMENT_TARGET = 16.2;
				MTL_ENABLE_DEBUG_INFO = INCLUDE_SOURCE;
				MTL_FAST_MATH = YES;
				ONLY_ACTIVE_ARCH = YES;
				SDKROOT = iphoneos;
				SWIFT_ACTIVE_COMPILATION_CONDITIONS = DEBUG;
				SWIFT_OPTIMIZATION_LEVEL = "-Onone";
			};
			name = Debug;
		};
		7EBAD6B22A58D2880045AA2D /* Release */ = {
			isa = XCBuildConfiguration;
			buildSettings = {
				ALWAYS_SEARCH_USER_PATHS = NO;
				CLANG_ANALYZER_NONNULL = YES;
				CLANG_ANALYZER_NUMBER_OBJECT_CONVERSION = YES_AGGRESSIVE;
				CLANG_CXX_LANGUAGE_STANDARD = "gnu++20";
				CLANG_ENABLE_MODULES = YES;
				CLANG_ENABLE_OBJC_ARC = YES;
				CLANG_ENABLE_OBJC_WEAK = YES;
				CLANG_WARN_BLOCK_CAPTURE_AUTORELEASING = YES;
				CLANG_WARN_BOOL_CONVERSION = YES;
				CLANG_WARN_COMMA = YES;
				CLANG_WARN_CONSTANT_CONVERSION = YES;
				CLANG_WARN_DEPRECATED_OBJC_IMPLEMENTATIONS = YES;
				CLANG_WARN_DIRECT_OBJC_ISA_USAGE = YES_ERROR;
				CLANG_WARN_DOCUMENTATION_COMMENTS = YES;
				CLANG_WARN_EMPTY_BODY = YES;
				CLANG_WARN_ENUM_CONVERSION = YES;
				CLANG_WARN_INFINITE_RECURSION = YES;
				CLANG_WARN_INT_CONVERSION = YES;
				CLANG_WARN_NON_LITERAL_NULL_CONVERSION = YES;
				CLANG_WARN_OBJC_IMPLICIT_RETAIN_SELF = YES;
				CLANG_WARN_OBJC_LITERAL_CONVERSION = YES;
				CLANG_WARN_OBJC_ROOT_CLASS = YES_ERROR;
				CLANG_WARN_QUOTED_INCLUDE_IN_FRAMEWORK_HEADER = YES;
				CLANG_WARN_RANGE_LOOP_ANALYSIS = YES;
				CLANG_WARN_STRICT_PROTOTYPES = YES;
				CLANG_WARN_SUSPICIOUS_MOVE = YES;
				CLANG_WARN_UNGUARDED_AVAILABILITY = YES_AGGRESSIVE;
				CLANG_WARN_UNREACHABLE_CODE = YES;
				CLANG_WARN__DUPLICATE_METHOD_MATCH = YES;
				COPY_PHASE_STRIP = NO;
				DEBUG_INFORMATION_FORMAT = "dwarf-with-dsym";
				ENABLE_NS_ASSERTIONS = NO;
				ENABLE_STRICT_OBJC_MSGSEND = YES;
				GCC_C_LANGUAGE_STANDARD = gnu11;
				GCC_NO_COMMON_BLOCKS = YES;
				GCC_WARN_64_TO_32_BIT_CONVERSION = YES;
				GCC_WARN_ABOUT_RETURN_TYPE = YES_ERROR;
				GCC_WARN_UNDECLARED_SELECTOR = YES;
				GCC_WARN_UNINITIALIZED_AUTOS = YES_AGGRESSIVE;
				GCC_WARN_UNUSED_FUNCTION = YES;
				GCC_WARN_UNUSED_VARIABLE = YES;
				IPHONEOS_DEPLOYMENT_TARGET = 16.2;
				MTL_ENABLE_DEBUG_INFO = NO;
				MTL_FAST_MATH = YES;
				SDKROOT = iphoneos;
				SWIFT_COMPILATION_MODE = wholemodule;
				SWIFT_OPTIMIZATION_LEVEL = "-O";
				VALIDATE_PRODUCT = YES;
			};
			name = Release;
		};
		7EBAD6B42A58D2880045AA2D /* Debug */ = {
			isa = XCBuildConfiguration;
			buildSettings = {
				ASSETCATALOG_COMPILER_APPICON_NAME = AppIcon;
				ASSETCATALOG_COMPILER_GLOBAL_ACCENT_COLOR_NAME = AccentColor;
				CODE_SIGN_STYLE = Automatic;
				CURRENT_PROJECT_VERSION = 1;
				GENERATE_INFOPLIST_FILE = YES;
				INFOPLIST_FILE = AppNews/Info.plist;
				INFOPLIST_KEY_UIApplicationSupportsIndirectInputEvents = YES;
				INFOPLIST_KEY_UILaunchStoryboardName = LaunchScreen;
				INFOPLIST_KEY_UIMainStoryboardFile = Main;
				INFOPLIST_KEY_UISupportedInterfaceOrientations_iPad = "UIInterfaceOrientationPortrait UIInterfaceOrientationPortraitUpsideDown UIInterfaceOrientationLandscapeLeft UIInterfaceOrientationLandscapeRight";
				INFOPLIST_KEY_UISupportedInterfaceOrientations_iPhone = "UIInterfaceOrientationPortrait UIInterfaceOrientationLandscapeLeft UIInterfaceOrientationLandscapeRight";
				LD_RUNPATH_SEARCH_PATHS = (
					"$(inherited)",
					"@executable_path/Frameworks",
				);
				MARKETING_VERSION = 1.0;
				PRODUCT_BUNDLE_IDENTIFIER = "Luiz-Aparecido-joana.AppNews";
				PRODUCT_NAME = "$(TARGET_NAME)";
				SWIFT_EMIT_LOC_STRINGS = YES;
				SWIFT_VERSION = 5.0;
				TARGETED_DEVICE_FAMILY = "1,2";
			};
			name = Debug;
		};
		7EBAD6B52A58D2880045AA2D /* Release */ = {
			isa = XCBuildConfiguration;
			buildSettings = {
				ASSETCATALOG_COMPILER_APPICON_NAME = AppIcon;
				ASSETCATALOG_COMPILER_GLOBAL_ACCENT_COLOR_NAME = AccentColor;
				CODE_SIGN_STYLE = Automatic;
				CURRENT_PROJECT_VERSION = 1;
				GENERATE_INFOPLIST_FILE = YES;
				INFOPLIST_FILE = AppNews/Info.plist;
				INFOPLIST_KEY_UIApplicationSupportsIndirectInputEvents = YES;
				INFOPLIST_KEY_UILaunchStoryboardName = LaunchScreen;
				INFOPLIST_KEY_UIMainStoryboardFile = Main;
				INFOPLIST_KEY_UISupportedInterfaceOrientations_iPad = "UIInterfaceOrientationPortrait UIInterfaceOrientationPortraitUpsideDown UIInterfaceOrientationLandscapeLeft UIInterfaceOrientationLandscapeRight";
				INFOPLIST_KEY_UISupportedInterfaceOrientations_iPhone = "UIInterfaceOrientationPortrait UIInterfaceOrientationLandscapeLeft UIInterfaceOrientationLandscapeRight";
				LD_RUNPATH_SEARCH_PATHS = (
					"$(inherited)",
					"@executable_path/Frameworks",
				);
				MARKETING_VERSION = 1.0;
				PRODUCT_BUNDLE_IDENTIFIER = "Luiz-Aparecido-joana.AppNews";
				PRODUCT_NAME = "$(TARGET_NAME)";
				SWIFT_EMIT_LOC_STRINGS = YES;
				SWIFT_VERSION = 5.0;
				TARGETED_DEVICE_FAMILY = "1,2";
			};
			name = Release;
		};
		7EBAD6B72A58D2880045AA2D /* Debug */ = {
			isa = XCBuildConfiguration;
			buildSettings = {
				ALWAYS_EMBED_SWIFT_STANDARD_LIBRARIES = YES;
				BUNDLE_LOADER = "$(TEST_HOST)";
				CODE_SIGN_STYLE = Automatic;
				CURRENT_PROJECT_VERSION = 1;
				GENERATE_INFOPLIST_FILE = YES;
				IPHONEOS_DEPLOYMENT_TARGET = 16.2;
				MARKETING_VERSION = 1.0;
				PRODUCT_BUNDLE_IDENTIFIER = "Luiz-Aparecido-joana.AppNewsTests";
				PRODUCT_NAME = "$(TARGET_NAME)";
				SWIFT_EMIT_LOC_STRINGS = NO;
				SWIFT_VERSION = 5.0;
				TARGETED_DEVICE_FAMILY = "1,2";
				TEST_HOST = "$(BUILT_PRODUCTS_DIR)/AppNews.app/$(BUNDLE_EXECUTABLE_FOLDER_PATH)/AppNews";
			};
			name = Debug;
		};
		7EBAD6B82A58D2880045AA2D /* Release */ = {
			isa = XCBuildConfiguration;
			buildSettings = {
				ALWAYS_EMBED_SWIFT_STANDARD_LIBRARIES = YES;
				BUNDLE_LOADER = "$(TEST_HOST)";
				CODE_SIGN_STYLE = Automatic;
				CURRENT_PROJECT_VERSION = 1;
				GENERATE_INFOPLIST_FILE = YES;
				IPHONEOS_DEPLOYMENT_TARGET = 16.2;
				MARKETING_VERSION = 1.0;
				PRODUCT_BUNDLE_IDENTIFIER = "Luiz-Aparecido-joana.AppNewsTests";
				PRODUCT_NAME = "$(TARGET_NAME)";
				SWIFT_EMIT_LOC_STRINGS = NO;
				SWIFT_VERSION = 5.0;
				TARGETED_DEVICE_FAMILY = "1,2";
				TEST_HOST = "$(BUILT_PRODUCTS_DIR)/AppNews.app/$(BUNDLE_EXECUTABLE_FOLDER_PATH)/AppNews";
			};
			name = Release;
		};
		7EBAD6BA2A58D2880045AA2D /* Debug */ = {
			isa = XCBuildConfiguration;
			buildSettings = {
				ALWAYS_EMBED_SWIFT_STANDARD_LIBRARIES = YES;
				CODE_SIGN_STYLE = Automatic;
				CURRENT_PROJECT_VERSION = 1;
				GENERATE_INFOPLIST_FILE = YES;
				MARKETING_VERSION = 1.0;
				PRODUCT_BUNDLE_IDENTIFIER = "Luiz-Aparecido-joana.AppNewsUITests";
				PRODUCT_NAME = "$(TARGET_NAME)";
				SWIFT_EMIT_LOC_STRINGS = NO;
				SWIFT_VERSION = 5.0;
				TARGETED_DEVICE_FAMILY = "1,2";
				TEST_TARGET_NAME = AppNews;
			};
			name = Debug;
		};
		7EBAD6BB2A58D2880045AA2D /* Release */ = {
			isa = XCBuildConfiguration;
			buildSettings = {
				ALWAYS_EMBED_SWIFT_STANDARD_LIBRARIES = YES;
				CODE_SIGN_STYLE = Automatic;
				CURRENT_PROJECT_VERSION = 1;
				GENERATE_INFOPLIST_FILE = YES;
				MARKETING_VERSION = 1.0;
				PRODUCT_BUNDLE_IDENTIFIER = "Luiz-Aparecido-joana.AppNewsUITests";
				PRODUCT_NAME = "$(TARGET_NAME)";
				SWIFT_EMIT_LOC_STRINGS = NO;
				SWIFT_VERSION = 5.0;
				TARGETED_DEVICE_FAMILY = "1,2";
				TEST_TARGET_NAME = AppNews;
			};
			name = Release;
		};
/* End XCBuildConfiguration section */

/* Begin XCConfigurationList section */
		7EBAD6842A58D2870045AA2D /* Build configuration list for PBXProject "AppNews" */ = {
			isa = XCConfigurationList;
			buildConfigurations = (
				7EBAD6B12A58D2880045AA2D /* Debug */,
				7EBAD6B22A58D2880045AA2D /* Release */,
			);
			defaultConfigurationIsVisible = 0;
			defaultConfigurationName = Release;
		};
		7EBAD6B32A58D2880045AA2D /* Build configuration list for PBXNativeTarget "AppNews" */ = {
			isa = XCConfigurationList;
			buildConfigurations = (
				7EBAD6B42A58D2880045AA2D /* Debug */,
				7EBAD6B52A58D2880045AA2D /* Release */,
			);
			defaultConfigurationIsVisible = 0;
			defaultConfigurationName = Release;
		};
		7EBAD6B62A58D2880045AA2D /* Build configuration list for PBXNativeTarget "AppNewsTests" */ = {
			isa = XCConfigurationList;
			buildConfigurations = (
				7EBAD6B72A58D2880045AA2D /* Debug */,
				7EBAD6B82A58D2880045AA2D /* Release */,
			);
			defaultConfigurationIsVisible = 0;
			defaultConfigurationName = Release;
		};
		7EBAD6B92A58D2880045AA2D /* Build configuration list for PBXNativeTarget "AppNewsUITests" */ = {
			isa = XCConfigurationList;
			buildConfigurations = (
				7EBAD6BA2A58D2880045AA2D /* Debug */,
				7EBAD6BB2A58D2880045AA2D /* Release */,
			);
			defaultConfigurationIsVisible = 0;
			defaultConfigurationName = Release;
		};
/* End XCConfigurationList section */
	};
	rootObject = 7EBAD6812A58D2870045AA2D /* Project object */;
}
